// !$*UTF8*$!
{
	archiveVersion = 1;
	classes = {
	};
	objectVersion = 50;
	objects = {

/* Begin PBXBuildFile section */
		43358E022287AE7D00BF84D0 /* AppDelegate.swift in Sources */ = {isa = PBXBuildFile; fileRef = 43358E012287AE7D00BF84D0 /* AppDelegate.swift */; };
		43358E042287AE7D00BF84D0 /* ViewController.swift in Sources */ = {isa = PBXBuildFile; fileRef = 43358E032287AE7D00BF84D0 /* ViewController.swift */; };
		43358E072287AE7D00BF84D0 /* Main.storyboard in Resources */ = {isa = PBXBuildFile; fileRef = 43358E052287AE7D00BF84D0 /* Main.storyboard */; };
		43358E092287AE7D00BF84D0 /* Assets.xcassets in Resources */ = {isa = PBXBuildFile; fileRef = 43358E082287AE7D00BF84D0 /* Assets.xcassets */; };
		43358E0C2287AE7D00BF84D0 /* LaunchScreen.storyboard in Resources */ = {isa = PBXBuildFile; fileRef = 43358E0A2287AE7D00BF84D0 /* LaunchScreen.storyboard */; };
		43358E142287B08100BF84D0 /* Addtext.swift in Sources */ = {isa = PBXBuildFile; fileRef = 43358E132287B08100BF84D0 /* Addtext.swift */; };
/* End PBXBuildFile section */

/* Begin PBXFileReference section */
		43358DFE2287AE7D00BF84D0 /* Checker_Something.app */ = {isa = PBXFileReference; explicitFileType = wrapper.application; includeInIndex = 0; path = Checker_Something.app; sourceTree = BUILT_PRODUCTS_DIR; };
		43358E012287AE7D00BF84D0 /* AppDelegate.swift */ = {isa = PBXFileReference; lastKnownFileType = sourcecode.swift; path = AppDelegate.swift; sourceTree = "<group>"; };
		43358E032287AE7D00BF84D0 /* ViewController.swift */ = {isa = PBXFileReference; lastKnownFileType = sourcecode.swift; path = ViewController.swift; sourceTree = "<group>"; };
		43358E062287AE7D00BF84D0 /* Base */ = {isa = PBXFileReference; lastKnownFileType = file.storyboard; name = Base; path = Base.lproj/Main.storyboard; sourceTree = "<group>"; };
		43358E082287AE7D00BF84D0 /* Assets.xcassets */ = {isa = PBXFileReference; lastKnownFileType = folder.assetcatalog; path = Assets.xcassets; sourceTree = "<group>"; };
		43358E0B2287AE7D00BF84D0 /* Base */ = {isa = PBXFileReference; lastKnownFileType = file.storyboard; name = Base; path = Base.lproj/LaunchScreen.storyboard; sourceTree = "<group>"; };
		43358E0D2287AE7D00BF84D0 /* Info.plist */ = {isa = PBXFileReference; lastKnownFileType = text.plist.xml; path = Info.plist; sourceTree = "<group>"; };
		43358E132287B08100BF84D0 /* Addtext.swift */ = {isa = PBXFileReference; lastKnownFileType = sourcecode.swift; path = Addtext.swift; sourceTree = "<group>"; };
/* End PBXFileReference section */

/* Begin PBXFrameworksBuildPhase section */
		43358DFB2287AE7D00BF84D0 /* Frameworks */ = {
			isa = PBXFrameworksBuildPhase;
			buildActionMask = 2147483647;
			files = (
			);
			runOnlyForDeploymentPostprocessing = 0;
		};
/* End PBXFrameworksBuildPhase section */

/* Begin PBXGroup section */
		43358DF52287AE7D00BF84D0 = {
			isa = PBXGroup;
			children = (
				43358E002287AE7D00BF84D0 /* Checker_Something */,
				43358DFF2287AE7D00BF84D0 /* Products */,
			);
			sourceTree = "<group>";
		};
		43358DFF2287AE7D00BF84D0 /* Products */ = {
			isa = PBXGroup;
			children = (
				43358DFE2287AE7D00BF84D0 /* Checker_Something.app */,
			);
			name = Products;
			sourceTree = "<group>";
		};
		43358E002287AE7D00BF84D0 /* Checker_Something */ = {
			isa = PBXGroup;
			children = (
				43358E012287AE7D00BF84D0 /* AppDelegate.swift */,
				43358E032287AE7D00BF84D0 /* ViewController.swift */,
				43358E052287AE7D00BF84D0 /* Main.storyboard */,
				43358E132287B08100BF84D0 /* Addtext.swift */,
				43358E082287AE7D00BF84D0 /* Assets.xcassets */,
				43358E0A2287AE7D00BF84D0 /* LaunchScreen.storyboard */,
				43358E0D2287AE7D00BF84D0 /* Info.plist */,
			);
			path = Checker_Something;
			sourceTree = "<group>";
		};
/* End PBXGroup section */

/* Begin PBXNativeTarget section */
		43358DFD2287AE7D00BF84D0 /* Checker_Something */ = {
			isa = PBXNativeTarget;
			buildConfigurationList = 43358E102287AE7D00BF84D0 /* Build configuration list for PBXNativeTarget "Checker_Something" */;
			buildPhases = (
				43358DFA2287AE7D00BF84D0 /* Sources */,
				43358DFB2287AE7D00BF84D0 /* Frameworks */,
				43358DFC2287AE7D00BF84D0 /* Resources */,
			);
			buildRules = (
			);
			dependencies = (
			);
			name = Checker_Something;
			productName = Checker_Something;
			productReference = 43358DFE2287AE7D00BF84D0 /* Checker_Something.app */;
			productType = "com.apple.product-type.application";
		};
/* End PBXNativeTarget section */

/* Begin PBXProject section */
		43358DF62287AE7D00BF84D0 /* Project object */ = {
			isa = PBXProject;
			attributes = {
				LastSwiftUpdateCheck = 1020;
				LastUpgradeCheck = 1020;
				ORGANIZATIONNAME = sowada555;
				TargetAttributes = {
					43358DFD2287AE7D00BF84D0 = {
						CreatedOnToolsVersion = 10.2.1;
					};
				};
			};
			buildConfigurationList = 43358DF92287AE7D00BF84D0 /* Build configuration list for PBXProject "Checker_Something" */;
			compatibilityVersion = "Xcode 9.3";
			developmentRegion = en;
			hasScannedForEncodings = 0;
			knownRegions = (
				en,
				Base,
			);
			mainGroup = 43358DF52287AE7D00BF84D0;
			productRefGroup = 43358DFF2287AE7D00BF84D0 /* Products */;
			projectDirPath = "";
			projectRoot = "";
			targets = (
				43358DFD2287AE7D00BF84D0 /* Checker_Something */,
			);
		};
/* End PBXProject section */

/* Begin PBXResourcesBuildPhase section */
		43358DFC2287AE7D00BF84D0 /* Resources */ = {
			isa = PBXResourcesBuildPhase;
			buildActionMask = 2147483647;
			files = (
				43358E0C2287AE7D00BF84D0 /* LaunchScreen.storyboard in Resources */,
				43358E092287AE7D00BF84D0 /* Assets.xcassets in Resources */,
				43358E072287AE7D00BF84D0 /* Main.storyboard in Resources */,
			);
			runOnlyForDeploymentPostprocessing = 0;
		};
/* End PBXResourcesBuildPhase section */

/* Begin PBXSourcesBuildPhase section */
		43358DFA2287AE7D00BF84D0 /* Sources */ = {
			isa = PBXSourcesBuildPhase;
			buildActionMask = 2147483647;
			files = (
				43358E042287AE7D00BF84D0 /* ViewController.swift in Sources */,
				43358E142287B08100BF84D0 /* Addtext.swift in Sources */,
				43358E022287AE7D00BF84D0 /* AppDelegate.swift in Sources */,
			);
			runOnlyForDeploymentPostprocessing = 0;
		};
/* End PBXSourcesBuildPhase section */

/* Begin PBXVariantGroup section */
		43358E052287AE7D00BF84D0 /* Main.storyboard */ = {
			isa = PBXVariantGroup;
			children = (
				43358E062287AE7D00BF84D0 /* Base */,
			);
			name = Main.storyboard;
			sourceTree = "<group>";
		};
		43358E0A2287AE7D00BF84D0 /* LaunchScreen.storyboard */ = {
			isa = PBXVariantGroup;
			children = (
				43358E0B2287AE7D00BF84D0 /* Base */,
			);
			name = LaunchScreen.storyboard;
			sourceTree = "<group>";
		};
/* End PBXVariantGroup section */

/* Begin XCBuildConfiguration section */
		43358E0E2287AE7D00BF84D0 /* Debug */ = {
			isa = XCBuildConfiguration;
			buildSettings = {
				ALWAYS_SEARCH_USER_PATHS = NO;
				CLANG_ANALYZER_NONNULL = YES;
				CLANG_ANALYZER_NUMBER_OBJECT_CONVERSION = YES_AGGRESSIVE;
				CLANG_CXX_LANGUAGE_STANDARD = "gnu++14";
				CLANG_CXX_LIBRARY = "libc++";
				CLANG_ENABLE_MODULES = YES;
				CLANG_ENABLE_OBJC_ARC = YES;
				CLANG_ENABLE_OBJC_WEAK = YES;
				CLANG_WARN_BLOCK_CAPTURE_AUTORELEASING = YES;
				CLANG_WARN_BOOL_CONVERSION = YES;
				CLANG_WARN_COMMA = YES;
				CLANG_WARN_CONSTANT_CONVERSION = YES;
				CLANG_WARN_DEPRECATED_OBJC_IMPLEMENTATIONS = YES;
				CLANG_WARN_DIRECT_OBJC_ISA_USAGE = YES_ERROR;
				CLANG_WARN_DOCUMENTATION_COMMENTS = YES;
				CLANG_WARN_EMPTY_BODY = YES;
				CLANG_WARN_ENUM_CONVERSION = YES;
				CLANG_WARN_INFINITE_RECURSION = YES;
				CLANG_WARN_INT_CONVERSION = YES;
				CLANG_WARN_NON_LITERAL_NULL_CONVERSION = YES;
				CLANG_WARN_OBJC_IMPLICIT_RETAIN_SELF = YES;
				CLANG_WARN_OBJC_LITERAL_CONVERSION = YES;
				CLANG_WARN_OBJC_ROOT_CLASS = YES_ERROR;
				CLANG_WARN_RANGE_LOOP_ANALYSIS = YES;
				CLANG_WARN_STRICT_PROTOTYPES = YES;
				CLANG_WARN_SUSPICIOUS_MOVE = YES;
				CLANG_WARN_UNGUARDED_AVAILABILITY = YES_AGGRESSIVE;
				CLANG_WARN_UNREACHABLE_CODE = YES;
				CLANG_WARN__DUPLICATE_METHOD_MATCH = YES;
				CODE_SIGN_IDENTITY = "iPhone Developer";
				COPY_PHASE_STRIP = NO;
				DEBUG_INFORMATION_FORMAT = dwarf;
				ENABLE_STRICT_OBJC_MSGSEND = YES;
				ENABLE_TESTABILITY = YES;
				GCC_C_LANGUAGE_STANDARD = gnu11;
				GCC_DYNAMIC_NO_PIC = NO;
				GCC_NO_COMMON_BLOCKS = YES;
				GCC_OPTIMIZATION_LEVEL = 0;
				GCC_PREPROCESSOR_DEFINITIONS = (
					"DEBUG=1",
					"$(inherited)",
				);
				GCC_WARN_64_TO_32_BIT_CONVERSION = YES;
				GCC_WARN_ABOUT_RETURN_TYPE = YES_ERROR;
				GCC_WARN_UNDECLARED_SELECTOR = YES;
				GCC_WARN_UNINITIALIZED_AUTOS = YES_AGGRESSIVE;
				GCC_WARN_UNUSED_FUNCTION = YES;
				GCC_WARN_UNUSED_VARIABLE = YES;
				IPHONEOS_DEPLOYMENT_TARGET = 12.2;
				MTL_ENABLE_DEBUG_INFO = INCLUDE_SOURCE;
				MTL_FAST_MATH = YES;
				ONLY_ACTIVE_ARCH = YES;
				SDKROOT = iphoneos;
				SWIFT_ACTIVE_COMPILATION_CONDITIONS = DEBUG;
				SWIFT_OPTIMIZATION_LEVEL = "-Onone";
			};
			name = Debug;
		};
		43358E0F2287AE7D00BF84D0 /* Release */ = {
			isa = XCBuildConfiguration;
			buildSettings = {
				ALWAYS_SEARCH_USER_PATHS = NO;
				CLANG_ANALYZER_NONNULL = YES;
				CLANG_ANALYZER_NUMBER_OBJECT_CONVERSION = YES_AGGRESSIVE;
				CLANG_CXX_LANGUAGE_STANDARD = "gnu++14";
				CLANG_CXX_LIBRARY = "libc++";
				CLANG_ENABLE_MODULES = YES;
				CLANG_ENABLE_OBJC_ARC = YES;
				CLANG_ENABLE_OBJC_WEAK = YES;
				CLANG_WARN_BLOCK_CAPTURE_AUTORELEASING = YES;
				CLANG_WARN_BOOL_CONVERSION = YES;
				CLANG_WARN_COMMA = YES;
				CLANG_WARN_CONSTANT_CONVERSION = YES;
				CLANG_WARN_DEPRECATED_OBJC_IMPLEMENTATIONS = YES;
				CLANG_WARN_DIRECT_OBJC_ISA_USAGE = YES_ERROR;
				CLANG_WARN_DOCUMENTATION_COMMENTS = YES;
				CLANG_WARN_EMPTY_BODY = YES;
				CLANG_WARN_ENUM_CONVERSION = YES;
				CLANG_WARN_INFINITE_RECURSION = YES;
				CLANG_WARN_INT_CONVERSION = YES;
				CLANG_WARN_NON_LITERAL_NULL_CONVERSION = YES;
				CLANG_WARN_OBJC_IMPLICIT_RETAIN_SELF = YES;
				CLANG_WARN_OBJC_LITERAL_CONVERSION = YES;
				CLANG_WARN_OBJC_ROOT_CLASS = YES_ERROR;
				CLANG_WARN_RANGE_LOOP_ANALYSIS = YES;
				CLANG_WARN_STRICT_PROTOTYPES = YES;
				CLANG_WARN_SUSPICIOUS_MOVE = YES;
				CLANG_WARN_UNGUARDED_AVAILABILITY = YES_AGGRESSIVE;
				CLANG_WARN_UNREACHABLE_CODE = YES;
				CLANG_WARN__DUPLICATE_METHOD_MATCH = YES;
				CODE_SIGN_IDENTITY = "iPhone Developer";
				COPY_PHASE_STRIP = NO;
				DEBUG_INFORMATION_FORMAT = "dwarf-with-dsym";
				ENABLE_NS_ASSERTIONS = NO;
				ENABLE_STRICT_OBJC_MSGSEND = YES;
				GCC_C_LANGUAGE_STANDARD = gnu11;
				GCC_NO_COMMON_BLOCKS = YES;
				GCC_WARN_64_TO_32_BIT_CONVERSION = YES;
				GCC_WARN_ABOUT_RETURN_TYPE = YES_ERROR;
				GCC_WARN_UNDECLARED_SELECTOR = YES;
				GCC_WARN_UNINITIALIZED_AUTOS = YES_AGGRESSIVE;
				GCC_WARN_UNUSED_FUNCTION = YES;
				GCC_WARN_UNUSED_VARIABLE = YES;
				IPHONEOS_DEPLOYMENT_TARGET = 12.2;
				MTL_ENABLE_DEBUG_INFO = NO;
				MTL_FAST_MATH = YES;
				SDKROOT = iphoneos;
				SWIFT_COMPILATION_MODE = wholemodule;
				SWIFT_OPTIMIZATION_LEVEL = "-O";
				VALIDATE_PRODUCT = YES;
			};
			name = Release;
		};
		43358E112287AE7D00BF84D0 /* Debug */ = {
			isa = XCBuildConfiguration;
			buildSettings = {
				ASSETCATALOG_COMPILER_APPICON_NAME = AppIcon;
				CODE_SIGN_STYLE = Automatic;
				DEVELOPMENT_TEAM = 4ADQVM24TA;
				INFOPLIST_FILE = Checker_Something/Info.plist;
				LD_RUNPATH_SEARCH_PATHS = (
					"$(inherited)",
					"@executable_path/Frameworks",
				);
				PRODUCT_BUNDLE_IDENTIFIER = "com.gmail.sowadawada555.Checker-Something";
				PRODUCT_NAME = "$(TARGET_NAME)";
				SWIFT_VERSION = 5.0;
				TARGETED_DEVICE_FAMILY = "1,2";
			};
			name = Debug;
		};
		43358E122287AE7D00BF84D0 /* Release */ = {
			isa = XCBuildConfiguration;
			buildSettings = {
				ASSETCATALOG_COMPILER_APPICON_NAME = AppIcon;
				CODE_SIGN_STYLE = Automatic;
				DEVELOPMENT_TEAM = 4ADQVM24TA;
				INFOPLIST_FILE = Checker_Something/Info.plist;
				LD_RUNPATH_SEARCH_PATHS = (
					"$(inherited)",
					"@executable_path/Frameworks",
				);
				PRODUCT_BUNDLE_IDENTIFIER = "com.gmail.sowadawada555.Checker-Something";
				PRODUCT_NAME = "$(TARGET_NAME)";
				SWIFT_VERSION = 5.0;
				TARGETED_DEVICE_FAMILY = "1,2";
			};
			name = Release;
		};
/* End XCBuildConfiguration section */

/* Begin XCConfigurationList section */
		43358DF92287AE7D00BF84D0 /* Build configuration list for PBXProject "Checker_Something" */ = {
			isa = XCConfigurationList;
			buildConfigurations = (
				43358E0E2287AE7D00BF84D0 /* Debug */,
				43358E0F2287AE7D00BF84D0 /* Release */,
			);
			defaultConfigurationIsVisible = 0;
			defaultConfigurationName = Release;
		};
		43358E102287AE7D00BF84D0 /* Build configuration list for PBXNativeTarget "Checker_Something" */ = {
			isa = XCConfigurationList;
			buildConfigurations = (
				43358E112287AE7D00BF84D0 /* Debug */,
				43358E122287AE7D00BF84D0 /* Release */,
			);
			defaultConfigurationIsVisible = 0;
			defaultConfigurationName = Release;
		};
/* End XCConfigurationList section */
	};
	rootObject = 43358DF62287AE7D00BF84D0 /* Project object */;
}
